{
  "originHash" : "931440278103ba39b2d835f2c346aeb873ebcb4ff41767ce2ae24e250b359dbe",
  "pins" : [
    {
      "identity" : "apollo-ios",
      "kind" : "remoteSourceControl",
      "location" : "https://github.com/apollographql/apollo-ios.git",
      "state" : {
        "revision" : "99dfbdb869dbba16bd09e086b2b669bfcab811ec",
        "version" : "1.12.2"
      }
    },
    {
      "identity" : "sqlite.swift",
      "kind" : "remoteSourceControl",
      "location" : "https://github.com/stephencelis/SQLite.swift.git",
      "state" : {
        "revision" : "392dd6058624d9f6c5b4c769d165ddd8c7293394",
        "version" : "0.15.4"
      }
    },
    {
      "identity" : "swift-toolchain-sqlite",
      "kind" : "remoteSourceControl",
      "location" : "https://github.com/swiftlang/swift-toolchain-sqlite",
      "state" : {
        "revision" : "b626d3002773b1a1304166643e7f118f724b2132",
        "version" : "1.0.4"
      }
    }
  ],
  "version" : 3
}
